
Microsoft Visual Studio Solution File, Format Version 12.00
# Visual Studio Version 17
VisualStudioVersion = 17.10.35013.160
MinimumVisualStudioVersion = 10.0.40219.1
Project("{9A19103F-16F7-4668-BE54-9A1E7A4F7556}") = "RestfulApi", "RestfulApi\RestfulApi.csproj", "{E94AD2C1-4266-4892-A5F3-594BBD219A35}"
EndProject
Project("{9A19103F-16F7-4668-BE54-9A1E7A4F7556}") = "RestfulApi.Entity", "RestfulApi.Entity\RestfulApi.Entity.csproj", "{2C4E71B0-8F5D-4CF8-9DA2-C1640B124AE6}"
EndProject
Project("{9A19103F-16F7-4668-BE54-9A1E7A4F7556}") = "RestfulApi.Data", "RestfulApi.Data\RestfulApi.Data.csproj", "{0057B7A7-2EF6-4B40-B813-B1C2F092B0AC}"
EndProject
Project("{9A19103F-16F7-4668-BE54-9A1E7A4F7556}") = "RestfulApi.Core", "RestfulApi.Core\RestfulApi.Core.csproj", "{EF4C15AD-4D05-4CE2-9601-16DCF01DA2F6}"
EndProject
Project("{E53339B2-1760-4266-BCC7-CA923CBCF16C}") = "docker-compose", "docker-compose.dcproj", "{0541D755-CF65-4668-B5C9-E9477C596CBF}"
EndProject
Project("{9A19103F-16F7-4668-BE54-9A1E7A4F7556}") = "RestfulApi.Application", "RestfulApi.Application\RestfulApi.Application.csproj", "{EBF6F7A4-74BC-4783-834E-6AA5363D0E22}"
EndProject
Project("{FAE04EC0-301F-11D3-BF4B-00C04F79EFBC}") = "RestfulApi.Test", "RestfulApi.Test\RestfulApi.Test.csproj", "{F2C92795-D926-4B46-AC46-5ADAACECB224}"
EndProject
Global
	GlobalSection(SolutionConfigurationPlatforms) = preSolution
		Debug|Any CPU = Debug|Any CPU
		Release|Any CPU = Release|Any CPU
	EndGlobalSection
	GlobalSection(ProjectConfigurationPlatforms) = postSolution
		{E94AD2C1-4266-4892-A5F3-594BBD219A35}.Debug|Any CPU.ActiveCfg = Debug|Any CPU
		{E94AD2C1-4266-4892-A5F3-594BBD219A35}.Debug|Any CPU.Build.0 = Debug|Any CPU
		{E94AD2C1-4266-4892-A5F3-594BBD219A35}.Release|Any CPU.ActiveCfg = Release|Any CPU
		{E94AD2C1-4266-4892-A5F3-594BBD219A35}.Release|Any CPU.Build.0 = Release|Any CPU
		{2C4E71B0-8F5D-4CF8-9DA2-C1640B124AE6}.Debug|Any CPU.ActiveCfg = Debug|Any CPU
		{2C4E71B0-8F5D-4CF8-9DA2-C1640B124AE6}.Debug|Any CPU.Build.0 = Debug|Any CPU
		{2C4E71B0-8F5D-4CF8-9DA2-C1640B124AE6}.Release|Any CPU.ActiveCfg = Release|Any CPU
		{2C4E71B0-8F5D-4CF8-9DA2-C1640B124AE6}.Release|Any CPU.Build.0 = Release|Any CPU
		{0057B7A7-2EF6-4B40-B813-B1C2F092B0AC}.Debug|Any CPU.ActiveCfg = Debug|Any CPU
		{0057B7A7-2EF6-4B40-B813-B1C2F092B0AC}.Debug|Any CPU.Build.0 = Debug|Any CPU
		{0057B7A7-2EF6-4B40-B813-B1C2F092B0AC}.Release|Any CPU.ActiveCfg = Release|Any CPU
		{0057B7A7-2EF6-4B40-B813-B1C2F092B0AC}.Release|Any CPU.Build.0 = Release|Any CPU
		{EF4C15AD-4D05-4CE2-9601-16DCF01DA2F6}.Debug|Any CPU.ActiveCfg = Debug|Any CPU
		{EF4C15AD-4D05-4CE2-9601-16DCF01DA2F6}.Debug|Any CPU.Build.0 = Debug|Any CPU
		{EF4C15AD-4D05-4CE2-9601-16DCF01DA2F6}.Release|Any CPU.ActiveCfg = Release|Any CPU
		{EF4C15AD-4D05-4CE2-9601-16DCF01DA2F6}.Release|Any CPU.Build.0 = Release|Any CPU
		{0541D755-CF65-4668-B5C9-E9477C596CBF}.Debug|Any CPU.ActiveCfg = Debug|Any CPU
		{0541D755-CF65-4668-B5C9-E9477C596CBF}.Debug|Any CPU.Build.0 = Debug|Any CPU
		{0541D755-CF65-4668-B5C9-E9477C596CBF}.Release|Any CPU.ActiveCfg = Release|Any CPU
		{0541D755-CF65-4668-B5C9-E9477C596CBF}.Release|Any CPU.Build.0 = Release|Any CPU
		{EBF6F7A4-74BC-4783-834E-6AA5363D0E22}.Debug|Any CPU.ActiveCfg = Debug|Any CPU
		{EBF6F7A4-74BC-4783-834E-6AA5363D0E22}.Debug|Any CPU.Build.0 = Debug|Any CPU
		{EBF6F7A4-74BC-4783-834E-6AA5363D0E22}.Release|Any CPU.ActiveCfg = Release|Any CPU
		{EBF6F7A4-74BC-4783-834E-6AA5363D0E22}.Release|Any CPU.Build.0 = Release|Any CPU
		{F2C92795-D926-4B46-AC46-5ADAACECB224}.Debug|Any CPU.ActiveCfg = Debug|Any CPU
		{F2C92795-D926-4B46-AC46-5ADAACECB224}.Debug|Any CPU.Build.0 = Debug|Any CPU
		{F2C92795-D926-4B46-AC46-5ADAACECB224}.Release|Any CPU.ActiveCfg = Release|Any CPU
		{F2C92795-D926-4B46-AC46-5ADAACECB224}.Release|Any CPU.Build.0 = Release|Any CPU
	EndGlobalSection
	GlobalSection(SolutionProperties) = preSolution
		HideSolutionNode = FALSE
	EndGlobalSection
	GlobalSection(ExtensibilityGlobals) = postSolution
		SolutionGuid = {C98ABB4F-511F-459B-84E6-6FFAA7F0C3F6}
	EndGlobalSection
EndGlobal
